
Microsoft Visual Studio Solution File, Format Version 12.00
# Visual Studio Version 16
VisualStudioVersion = 16.0.31321.278
MinimumVisualStudioVersion = 10.0.40219.1
Project("{FAE04EC0-301F-11D3-BF4B-00C04F79EFBC}") = "Jppapi", "Jppapi.csproj", "{9DC9E1A8-A308-4B3C-9CA8-5025A0AB7D9D}"
EndProject
Global
	GlobalSection(SolutionConfigurationPlatforms) = preSolution
		Debug|Any CPU = Debug|Any CPU
		Release|Any CPU = Release|Any CPU
	EndGlobalSection
	GlobalSection(ProjectConfigurationPlatforms) = postSolution
		{9DC9E1A8-A308-4B3C-9CA8-5025A0AB7D9D}.Debug|Any CPU.ActiveCfg = Debug|Any CPU
		{9DC9E1A8-A308-4B3C-9CA8-5025A0AB7D9D}.Debug|Any CPU.Build.0 = Debug|Any CPU
		{9DC9E1A8-A308-4B3C-9CA8-5025A0AB7D9D}.Release|Any CPU.ActiveCfg = Release|Any CPU
		{9DC9E1A8-A308-4B3C-9CA8-5025A0AB7D9D}.Release|Any CPU.Build.0 = Release|Any CPU
	EndGlobalSection
	GlobalSection(SolutionProperties) = preSolution
		HideSolutionNode = FALSE
	EndGlobalSection
	GlobalSection(ExtensibilityGlobals) = postSolution
		SolutionGuid = {E2B33665-73F9-4220-B578-E143F4BE5D37}
	EndGlobalSection
EndGlobal
